// !$*UTF8*$!
{
	archiveVersion = 1;
	classes = {
	};
	objectVersion = 46;
	objects = {

/* Begin PBXBuildFile section */
		397DC13B2071CCCB00B0A8B5 /* main.cpp in Sources */ = {isa = PBXBuildFile; fileRef = 397DC1392071CCCB00B0A8B5 /* main.cpp */; settings = {COMPILER_FLAGS = "-w"; }; };
		39D2D46A206BF58200CADE4A /* OpenGL.framework in Frameworks */ = {isa = PBXBuildFile; fileRef = 39D2D469206BF58200CADE4A /* OpenGL.framework */; };
		39D2D46C206BF58B00CADE4A /* GLUT.framework in Frameworks */ = {isa = PBXBuildFile; fileRef = 39D2D46B206BF58B00CADE4A /* GLUT.framework */; };
		39D2D46E206BF5A200CADE4A /* libGLEW.2.1.0.dylib in Frameworks */ = {isa = PBXBuildFile; fileRef = 39D2D46D206BF5A200CADE4A /* libGLEW.2.1.0.dylib */; };
		39D2D470206BF5B900CADE4A /* libglfw.3.2.dylib in Frameworks */ = {isa = PBXBuildFile; fileRef = 39D2D46F206BF5B900CADE4A /* libglfw.3.2.dylib */; };
/* End PBXBuildFile section */

/* Begin PBXCopyFilesBuildPhase section */
		39D2D45C206BF55300CADE4A /* CopyFiles */ = {
			isa = PBXCopyFilesBuildPhase;
			buildActionMask = 2147483647;
			dstPath = /usr/share/man/man1/;
			dstSubfolderSpec = 0;
			files = (
			);
			runOnlyForDeploymentPostprocessing = 1;
		};
/* End PBXCopyFilesBuildPhase section */

/* Begin PBXFileReference section */
		397DC1392071CCCB00B0A8B5 /* main.cpp */ = {isa = PBXFileReference; lastKnownFileType = sourcecode.cpp.cpp; path = main.cpp; sourceTree = "<group>"; };
		397DC13A2071CCCB00B0A8B5 /* main.hpp */ = {isa = PBXFileReference; lastKnownFileType = sourcecode.cpp.h; path = main.hpp; sourceTree = "<group>"; };
		39D2D45E206BF55300CADE4A /* newGLUTproj */ = {isa = PBXFileReference; explicitFileType = "compiled.mach-o.executable"; includeInIndex = 0; path = newGLUTproj; sourceTree = BUILT_PRODUCTS_DIR; };
		39D2D469206BF58200CADE4A /* OpenGL.framework */ = {isa = PBXFileReference; lastKnownFileType = wrapper.framework; name = OpenGL.framework; path = System/Library/Frameworks/OpenGL.framework; sourceTree = SDKROOT; };
		39D2D46B206BF58B00CADE4A /* GLUT.framework */ = {isa = PBXFileReference; lastKnownFileType = wrapper.framework; name = GLUT.framework; path = System/Library/Frameworks/GLUT.framework; sourceTree = SDKROOT; };
		39D2D46D206BF5A200CADE4A /* libGLEW.2.1.0.dylib */ = {isa = PBXFileReference; lastKnownFileType = "compiled.mach-o.dylib"; name = libGLEW.2.1.0.dylib; path = ../../../../usr/local/Cellar/glew/2.1.0/lib/libGLEW.2.1.0.dylib; sourceTree = "<group>"; };
		39D2D46F206BF5B900CADE4A /* libglfw.3.2.dylib */ = {isa = PBXFileReference; lastKnownFileType = "compiled.mach-o.dylib"; name = libglfw.3.2.dylib; path = ../../../../usr/local/Cellar/glfw/3.2.1/lib/libglfw.3.2.dylib; sourceTree = "<group>"; };
/* End PBXFileReference section */

/* Begin PBXFrameworksBuildPhase section */
		39D2D45B206BF55300CADE4A /* Frameworks */ = {
			isa = PBXFrameworksBuildPhase;
			buildActionMask = 2147483647;
			files = (
				39D2D470206BF5B900CADE4A /* libglfw.3.2.dylib in Frameworks */,
				39D2D46E206BF5A200CADE4A /* libGLEW.2.1.0.dylib in Frameworks */,
				39D2D46C206BF58B00CADE4A /* GLUT.framework in Frameworks */,
				39D2D46A206BF58200CADE4A /* OpenGL.framework in Frameworks */,
			);
			runOnlyForDeploymentPostprocessing = 0;
		};
/* End PBXFrameworksBuildPhase section */

/* Begin PBXGroup section */
		39D2D455206BF55300CADE4A = {
			isa = PBXGroup;
			children = (
				39D2D460206BF55300CADE4A /* newGLUTproj */,
				39D2D45F206BF55300CADE4A /* Products */,
				39D2D468206BF58200CADE4A /* Frameworks */,
			);
			sourceTree = "<group>";
		};
		39D2D45F206BF55300CADE4A /* Products */ = {
			isa = PBXGroup;
			children = (
				39D2D45E206BF55300CADE4A /* newGLUTproj */,
			);
			name = Products;
			sourceTree = "<group>";
		};
		39D2D460206BF55300CADE4A /* newGLUTproj */ = {
			isa = PBXGroup;
			children = (
				397DC1392071CCCB00B0A8B5 /* main.cpp */,
				397DC13A2071CCCB00B0A8B5 /* main.hpp */,
			);
			path = newGLUTproj;
			sourceTree = "<group>";
		};
		39D2D468206BF58200CADE4A /* Frameworks */ = {
			isa = PBXGroup;
			children = (
				39D2D46F206BF5B900CADE4A /* libglfw.3.2.dylib */,
				39D2D46D206BF5A200CADE4A /* libGLEW.2.1.0.dylib */,
				39D2D46B206BF58B00CADE4A /* GLUT.framework */,
				39D2D469206BF58200CADE4A /* OpenGL.framework */,
			);
			name = Frameworks;
			sourceTree = "<group>";
		};
/* End PBXGroup section */

/* Begin PBXNativeTarget section */
		39D2D45D206BF55300CADE4A /* newGLUTproj */ = {
			isa = PBXNativeTarget;
			buildConfigurationList = 39D2D465206BF55300CADE4A /* Build configuration list for PBXNativeTarget "newGLUTproj" */;
			buildPhases = (
				39D2D45A206BF55300CADE4A /* Sources */,
				39D2D45B206BF55300CADE4A /* Frameworks */,
				39D2D45C206BF55300CADE4A /* CopyFiles */,
			);
			buildRules = (
			);
			dependencies = (
			);
			name = newGLUTproj;
			productName = newGLUTproj;
			productReference = 39D2D45E206BF55300CADE4A /* newGLUTproj */;
			productType = "com.apple.product-type.tool";
		};
/* End PBXNativeTarget section */

/* Begin PBXProject section */
		39D2D456206BF55300CADE4A /* Project object */ = {
			isa = PBXProject;
			attributes = {
				LastUpgradeCheck = 0830;
				ORGANIZATIONNAME = "Umid Negmatullayev";
				TargetAttributes = {
					39D2D45D206BF55300CADE4A = {
						CreatedOnToolsVersion = 8.3.3;
						ProvisioningStyle = Automatic;
					};
				};
			};
			buildConfigurationList = 39D2D459206BF55300CADE4A /* Build configuration list for PBXProject "newGLUTproj" */;
			compatibilityVersion = "Xcode 3.2";
			developmentRegion = English;
			hasScannedForEncodings = 0;
			knownRegions = (
				en,
			);
			mainGroup = 39D2D455206BF55300CADE4A;
			productRefGroup = 39D2D45F206BF55300CADE4A /* Products */;
			projectDirPath = "";
			projectRoot = "";
			targets = (
				39D2D45D206BF55300CADE4A /* newGLUTproj */,
			);
		};
/* End PBXProject section */

/* Begin PBXSourcesBuildPhase section */
		39D2D45A206BF55300CADE4A /* Sources */ = {
			isa = PBXSourcesBuildPhase;
			buildActionMask = 2147483647;
			files = (
				397DC13B2071CCCB00B0A8B5 /* main.cpp in Sources */,
			);
			runOnlyForDeploymentPostprocessing = 0;
		};
/* End PBXSourcesBuildPhase section */

/* Begin XCBuildConfiguration section */
		39D2D463206BF55300CADE4A /* Debug */ = {
			isa = XCBuildConfiguration;
			buildSettings = {
				ALWAYS_SEARCH_USER_PATHS = NO;
				CLANG_ANALYZER_NONNULL = YES;
				CLANG_ANALYZER_NUMBER_OBJECT_CONVERSION = YES_AGGRESSIVE;
				CLANG_CXX_LANGUAGE_STANDARD = "gnu++0x";
				CLANG_CXX_LIBRARY = "libc++";
				CLANG_ENABLE_MODULES = YES;
				CLANG_ENABLE_OBJC_ARC = YES;
				CLANG_WARN_BOOL_CONVERSION = YES;
				CLANG_WARN_CONSTANT_CONVERSION = YES;
				CLANG_WARN_DIRECT_OBJC_ISA_USAGE = YES_ERROR;
				CLANG_WARN_DOCUMENTATION_COMMENTS = YES;
				CLANG_WARN_EMPTY_BODY = YES;
				CLANG_WARN_ENUM_CONVERSION = YES;
				CLANG_WARN_INFINITE_RECURSION = YES;
				CLANG_WARN_INT_CONVERSION = YES;
				CLANG_WARN_OBJC_ROOT_CLASS = YES_ERROR;
				CLANG_WARN_SUSPICIOUS_MOVE = YES;
				CLANG_WARN_UNREACHABLE_CODE = YES;
				CLANG_WARN__DUPLICATE_METHOD_MATCH = YES;
				CODE_SIGN_IDENTITY = "-";
				COPY_PHASE_STRIP = NO;
				DEBUG_INFORMATION_FORMAT = dwarf;
				ENABLE_STRICT_OBJC_MSGSEND = YES;
				ENABLE_TESTABILITY = YES;
				GCC_C_LANGUAGE_STANDARD = gnu99;
				GCC_DYNAMIC_NO_PIC = NO;
				GCC_NO_COMMON_BLOCKS = YES;
				GCC_OPTIMIZATION_LEVEL = 0;
				GCC_PREPROCESSOR_DEFINITIONS = (
					"DEBUG=1",
					"$(inherited)",
				);
				GCC_WARN_64_TO_32_BIT_CONVERSION = YES;
				GCC_WARN_ABOUT_RETURN_TYPE = YES_ERROR;
				GCC_WARN_UNDECLARED_SELECTOR = YES;
				GCC_WARN_UNINITIALIZED_AUTOS = YES_AGGRESSIVE;
				GCC_WARN_UNUSED_FUNCTION = YES;
				GCC_WARN_UNUSED_VARIABLE = YES;
				MACOSX_DEPLOYMENT_TARGET = 10.12;
				MTL_ENABLE_DEBUG_INFO = YES;
				ONLY_ACTIVE_ARCH = YES;
				SDKROOT = macosx;
			};
			name = Debug;
		};
		39D2D464206BF55300CADE4A /* Release */ = {
			isa = XCBuildConfiguration;
			buildSettings = {
				ALWAYS_SEARCH_USER_PATHS = NO;
				CLANG_ANALYZER_NONNULL = YES;
				CLANG_ANALYZER_NUMBER_OBJECT_CONVERSION = YES_AGGRESSIVE;
				CLANG_CXX_LANGUAGE_STANDARD = "gnu++0x";
				CLANG_CXX_LIBRARY = "libc++";
				CLANG_ENABLE_MODULES = YES;
				CLANG_ENABLE_OBJC_ARC = YES;
				CLANG_WARN_BOOL_CONVERSION = YES;
				CLANG_WARN_CONSTANT_CONVERSION = YES;
				CLANG_WARN_DIRECT_OBJC_ISA_USAGE = YES_ERROR;
				CLANG_WARN_DOCUMENTATION_COMMENTS = YES;
				CLANG_WARN_EMPTY_BODY = YES;
				CLANG_WARN_ENUM_CONVERSION = YES;
				CLANG_WARN_INFINITE_RECURSION = YES;
				CLANG_WARN_INT_CONVERSION = YES;
				CLANG_WARN_OBJC_ROOT_CLASS = YES_ERROR;
				CLANG_WARN_SUSPICIOUS_MOVE = YES;
				CLANG_WARN_UNREACHABLE_CODE = YES;
				CLANG_WARN__DUPLICATE_METHOD_MATCH = YES;
				CODE_SIGN_IDENTITY = "-";
				COPY_PHASE_STRIP = NO;
				DEBUG_INFORMATION_FORMAT = "dwarf-with-dsym";
				ENABLE_NS_ASSERTIONS = NO;
				ENABLE_STRICT_OBJC_MSGSEND = YES;
				GCC_C_LANGUAGE_STANDARD = gnu99;
				GCC_NO_COMMON_BLOCKS = YES;
				GCC_WARN_64_TO_32_BIT_CONVERSION = YES;
				GCC_WARN_ABOUT_RETURN_TYPE = YES_ERROR;
				GCC_WARN_UNDECLARED_SELECTOR = YES;
				GCC_WARN_UNINITIALIZED_AUTOS = YES_AGGRESSIVE;
				GCC_WARN_UNUSED_FUNCTION = YES;
				GCC_WARN_UNUSED_VARIABLE = YES;
				MACOSX_DEPLOYMENT_TARGET = 10.12;
				MTL_ENABLE_DEBUG_INFO = NO;
				SDKROOT = macosx;
			};
			name = Release;
		};
		39D2D466206BF55300CADE4A /* Debug */ = {
			isa = XCBuildConfiguration;
			buildSettings = {
				HEADER_SEARCH_PATHS = /usr/local/include;
				LIBRARY_SEARCH_PATHS = (
					"$(inherited)",
					/usr/local/Cellar/glew/2.1.0/lib,
					/usr/local/Cellar/glfw/3.2.1/lib,
				);
				MACOSX_DEPLOYMENT_TARGET = 10.9;
				PRODUCT_NAME = "$(TARGET_NAME)";
			};
			name = Debug;
		};
		39D2D467206BF55300CADE4A /* Release */ = {
			isa = XCBuildConfiguration;
			buildSettings = {
				HEADER_SEARCH_PATHS = /usr/local/include;
				LIBRARY_SEARCH_PATHS = (
					"$(inherited)",
					/usr/local/Cellar/glew/2.1.0/lib,
					/usr/local/Cellar/glfw/3.2.1/lib,
				);
				MACOSX_DEPLOYMENT_TARGET = 10.9;
				PRODUCT_NAME = "$(TARGET_NAME)";
			};
			name = Release;
		};
/* End XCBuildConfiguration section */

/* Begin XCConfigurationList section */
		39D2D459206BF55300CADE4A /* Build configuration list for PBXProject "newGLUTproj" */ = {
			isa = XCConfigurationList;
			buildConfigurations = (
				39D2D463206BF55300CADE4A /* Debug */,
				39D2D464206BF55300CADE4A /* Release */,
			);
			defaultConfigurationIsVisible = 0;
			defaultConfigurationName = Release;
		};
		39D2D465206BF55300CADE4A /* Build configuration list for PBXNativeTarget "newGLUTproj" */ = {
			isa = XCConfigurationList;
			buildConfigurations = (
				39D2D466206BF55300CADE4A /* Debug */,
				39D2D467206BF55300CADE4A /* Release */,
			);
			defaultConfigurationIsVisible = 0;
			defaultConfigurationName = Release;
		};
/* End XCConfigurationList section */
	};
	rootObject = 39D2D456206BF55300CADE4A /* Project object */;
}
