// !$*UTF8*$!
{
	archiveVersion = 1;
	classes = {
	};
	objectVersion = 48;
	objects = {

/* Begin PBXBuildFile section */
		3903036A20C8EDC00060EB20 /* main.cpp in Sources */ = {isa = PBXBuildFile; fileRef = 3903036920C8EDC00060EB20 /* main.cpp */; settings = {COMPILER_FLAGS = "-w"; }; };
		3903037220C8EDE60060EB20 /* OpenGL.framework in Frameworks */ = {isa = PBXBuildFile; fileRef = 3903037120C8EDE60060EB20 /* OpenGL.framework */; };
		3903037420C8EDEC0060EB20 /* GLUT.framework in Frameworks */ = {isa = PBXBuildFile; fileRef = 3903037320C8EDEC0060EB20 /* GLUT.framework */; };
		3903037620C8EE600060EB20 /* Audio.hpp in Frameworks */ = {isa = PBXBuildFile; fileRef = 3903037520C8EE600060EB20 /* Audio.hpp */; };
		3903037820C8F0470060EB20 /* libsfml-audio.2.4.2.dylib in Frameworks */ = {isa = PBXBuildFile; fileRef = 3903037720C8F0470060EB20 /* libsfml-audio.2.4.2.dylib */; };
/* End PBXBuildFile section */

/* Begin PBXCopyFilesBuildPhase section */
		3903036420C8EDBF0060EB20 /* CopyFiles */ = {
			isa = PBXCopyFilesBuildPhase;
			buildActionMask = 2147483647;
			dstPath = /usr/share/man/man1/;
			dstSubfolderSpec = 0;
			files = (
			);
			runOnlyForDeploymentPostprocessing = 1;
		};
/* End PBXCopyFilesBuildPhase section */

/* Begin PBXFileReference section */
		3903036620C8EDBF0060EB20 /* glutWithSFML */ = {isa = PBXFileReference; explicitFileType = "compiled.mach-o.executable"; includeInIndex = 0; path = glutWithSFML; sourceTree = BUILT_PRODUCTS_DIR; };
		3903036920C8EDC00060EB20 /* main.cpp */ = {isa = PBXFileReference; lastKnownFileType = sourcecode.cpp.cpp; path = main.cpp; sourceTree = "<group>"; };
		3903037120C8EDE60060EB20 /* OpenGL.framework */ = {isa = PBXFileReference; lastKnownFileType = wrapper.framework; name = OpenGL.framework; path = System/Library/Frameworks/OpenGL.framework; sourceTree = SDKROOT; };
		3903037320C8EDEC0060EB20 /* GLUT.framework */ = {isa = PBXFileReference; lastKnownFileType = wrapper.framework; name = GLUT.framework; path = System/Library/Frameworks/GLUT.framework; sourceTree = SDKROOT; };
		3903037520C8EE600060EB20 /* Audio.hpp */ = {isa = PBXFileReference; lastKnownFileType = sourcecode.cpp.h; name = Audio.hpp; path = ../../../../usr/local/Cellar/sfml/2.4.2_1/include/SFML/Audio.hpp; sourceTree = "<group>"; };
		3903037720C8F0470060EB20 /* libsfml-audio.2.4.2.dylib */ = {isa = PBXFileReference; lastKnownFileType = "compiled.mach-o.dylib"; name = "libsfml-audio.2.4.2.dylib"; path = "../../../../usr/local/Cellar/sfml/2.4.2_1/lib/libsfml-audio.2.4.2.dylib"; sourceTree = "<group>"; };
/* End PBXFileReference section */

/* Begin PBXFrameworksBuildPhase section */
		3903036320C8EDBF0060EB20 /* Frameworks */ = {
			isa = PBXFrameworksBuildPhase;
			buildActionMask = 2147483647;
			files = (
				3903037820C8F0470060EB20 /* libsfml-audio.2.4.2.dylib in Frameworks */,
				3903037620C8EE600060EB20 /* Audio.hpp in Frameworks */,
				3903037420C8EDEC0060EB20 /* GLUT.framework in Frameworks */,
				3903037220C8EDE60060EB20 /* OpenGL.framework in Frameworks */,
			);
			runOnlyForDeploymentPostprocessing = 0;
		};
/* End PBXFrameworksBuildPhase section */

/* Begin PBXGroup section */
		3903035D20C8EDBF0060EB20 = {
			isa = PBXGroup;
			children = (
				3903036820C8EDBF0060EB20 /* glutWithSFML */,
				3903036720C8EDBF0060EB20 /* Products */,
				3903037020C8EDE60060EB20 /* Frameworks */,
			);
			sourceTree = "<group>";
		};
		3903036720C8EDBF0060EB20 /* Products */ = {
			isa = PBXGroup;
			children = (
				3903036620C8EDBF0060EB20 /* glutWithSFML */,
			);
			name = Products;
			sourceTree = "<group>";
		};
		3903036820C8EDBF0060EB20 /* glutWithSFML */ = {
			isa = PBXGroup;
			children = (
				3903036920C8EDC00060EB20 /* main.cpp */,
			);
			path = glutWithSFML;
			sourceTree = "<group>";
		};
		3903037020C8EDE60060EB20 /* Frameworks */ = {
			isa = PBXGroup;
			children = (
				3903037720C8F0470060EB20 /* libsfml-audio.2.4.2.dylib */,
				3903037520C8EE600060EB20 /* Audio.hpp */,
				3903037320C8EDEC0060EB20 /* GLUT.framework */,
				3903037120C8EDE60060EB20 /* OpenGL.framework */,
			);
			name = Frameworks;
			sourceTree = "<group>";
		};
/* End PBXGroup section */

/* Begin PBXNativeTarget section */
		3903036520C8EDBF0060EB20 /* glutWithSFML */ = {
			isa = PBXNativeTarget;
			buildConfigurationList = 3903036D20C8EDC00060EB20 /* Build configuration list for PBXNativeTarget "glutWithSFML" */;
			buildPhases = (
				3903036220C8EDBF0060EB20 /* Sources */,
				3903036320C8EDBF0060EB20 /* Frameworks */,
				3903036420C8EDBF0060EB20 /* CopyFiles */,
			);
			buildRules = (
			);
			dependencies = (
			);
			name = glutWithSFML;
			productName = glutWithSFML;
			productReference = 3903036620C8EDBF0060EB20 /* glutWithSFML */;
			productType = "com.apple.product-type.tool";
		};
/* End PBXNativeTarget section */

/* Begin PBXProject section */
		3903035E20C8EDBF0060EB20 /* Project object */ = {
			isa = PBXProject;
			attributes = {
				LastUpgradeCheck = 0920;
				ORGANIZATIONNAME = "Umid Negmatullayev";
				TargetAttributes = {
					3903036520C8EDBF0060EB20 = {
						CreatedOnToolsVersion = 9.2;
						ProvisioningStyle = Automatic;
					};
				};
			};
			buildConfigurationList = 3903036120C8EDBF0060EB20 /* Build configuration list for PBXProject "glutWithSFML" */;
			compatibilityVersion = "Xcode 8.0";
			developmentRegion = en;
			hasScannedForEncodings = 0;
			knownRegions = (
				en,
			);
			mainGroup = 3903035D20C8EDBF0060EB20;
			productRefGroup = 3903036720C8EDBF0060EB20 /* Products */;
			projectDirPath = "";
			projectRoot = "";
			targets = (
				3903036520C8EDBF0060EB20 /* glutWithSFML */,
			);
		};
/* End PBXProject section */

/* Begin PBXSourcesBuildPhase section */
		3903036220C8EDBF0060EB20 /* Sources */ = {
			isa = PBXSourcesBuildPhase;
			buildActionMask = 2147483647;
			files = (
				3903036A20C8EDC00060EB20 /* main.cpp in Sources */,
			);
			runOnlyForDeploymentPostprocessing = 0;
		};
/* End PBXSourcesBuildPhase section */

/* Begin XCBuildConfiguration section */
		3903036B20C8EDC00060EB20 /* Debug */ = {
			isa = XCBuildConfiguration;
			buildSettings = {
				ALWAYS_SEARCH_USER_PATHS = NO;
				CLANG_ANALYZER_NONNULL = YES;
				CLANG_ANALYZER_NUMBER_OBJECT_CONVERSION = YES_AGGRESSIVE;
				CLANG_CXX_LANGUAGE_STANDARD = "gnu++14";
				CLANG_CXX_LIBRARY = "libc++";
				CLANG_ENABLE_MODULES = YES;
				CLANG_ENABLE_OBJC_ARC = YES;
				CLANG_WARN_BLOCK_CAPTURE_AUTORELEASING = YES;
				CLANG_WARN_BOOL_CONVERSION = YES;
				CLANG_WARN_COMMA = YES;
				CLANG_WARN_CONSTANT_CONVERSION = YES;
				CLANG_WARN_DIRECT_OBJC_ISA_USAGE = YES_ERROR;
				CLANG_WARN_DOCUMENTATION_COMMENTS = YES;
				CLANG_WARN_EMPTY_BODY = YES;
				CLANG_WARN_ENUM_CONVERSION = YES;
				CLANG_WARN_INFINITE_RECURSION = YES;
				CLANG_WARN_INT_CONVERSION = YES;
				CLANG_WARN_NON_LITERAL_NULL_CONVERSION = YES;
				CLANG_WARN_OBJC_LITERAL_CONVERSION = YES;
				CLANG_WARN_OBJC_ROOT_CLASS = YES_ERROR;
				CLANG_WARN_RANGE_LOOP_ANALYSIS = YES;
				CLANG_WARN_STRICT_PROTOTYPES = YES;
				CLANG_WARN_SUSPICIOUS_MOVE = YES;
				CLANG_WARN_UNGUARDED_AVAILABILITY = YES_AGGRESSIVE;
				CLANG_WARN_UNREACHABLE_CODE = YES;
				CLANG_WARN__DUPLICATE_METHOD_MATCH = YES;
				CODE_SIGN_IDENTITY = "-";
				COPY_PHASE_STRIP = NO;
				DEBUG_INFORMATION_FORMAT = dwarf;
				ENABLE_STRICT_OBJC_MSGSEND = YES;
				ENABLE_TESTABILITY = YES;
				GCC_C_LANGUAGE_STANDARD = gnu11;
				GCC_DYNAMIC_NO_PIC = NO;
				GCC_NO_COMMON_BLOCKS = YES;
				GCC_OPTIMIZATION_LEVEL = 0;
				GCC_PREPROCESSOR_DEFINITIONS = (
					"DEBUG=1",
					"$(inherited)",
				);
				GCC_WARN_64_TO_32_BIT_CONVERSION = YES;
				GCC_WARN_ABOUT_RETURN_TYPE = YES_ERROR;
				GCC_WARN_UNDECLARED_SELECTOR = YES;
				GCC_WARN_UNINITIALIZED_AUTOS = YES_AGGRESSIVE;
				GCC_WARN_UNUSED_FUNCTION = YES;
				GCC_WARN_UNUSED_VARIABLE = YES;
				MACOSX_DEPLOYMENT_TARGET = 10.12;
				MTL_ENABLE_DEBUG_INFO = YES;
				ONLY_ACTIVE_ARCH = YES;
				SDKROOT = macosx;
			};
			name = Debug;
		};
		3903036C20C8EDC00060EB20 /* Release */ = {
			isa = XCBuildConfiguration;
			buildSettings = {
				ALWAYS_SEARCH_USER_PATHS = NO;
				CLANG_ANALYZER_NONNULL = YES;
				CLANG_ANALYZER_NUMBER_OBJECT_CONVERSION = YES_AGGRESSIVE;
				CLANG_CXX_LANGUAGE_STANDARD = "gnu++14";
				CLANG_CXX_LIBRARY = "libc++";
				CLANG_ENABLE_MODULES = YES;
				CLANG_ENABLE_OBJC_ARC = YES;
				CLANG_WARN_BLOCK_CAPTURE_AUTORELEASING = YES;
				CLANG_WARN_BOOL_CONVERSION = YES;
				CLANG_WARN_COMMA = YES;
				CLANG_WARN_CONSTANT_CONVERSION = YES;
				CLANG_WARN_DIRECT_OBJC_ISA_USAGE = YES_ERROR;
				CLANG_WARN_DOCUMENTATION_COMMENTS = YES;
				CLANG_WARN_EMPTY_BODY = YES;
				CLANG_WARN_ENUM_CONVERSION = YES;
				CLANG_WARN_INFINITE_RECURSION = YES;
				CLANG_WARN_INT_CONVERSION = YES;
				CLANG_WARN_NON_LITERAL_NULL_CONVERSION = YES;
				CLANG_WARN_OBJC_LITERAL_CONVERSION = YES;
				CLANG_WARN_OBJC_ROOT_CLASS = YES_ERROR;
				CLANG_WARN_RANGE_LOOP_ANALYSIS = YES;
				CLANG_WARN_STRICT_PROTOTYPES = YES;
				CLANG_WARN_SUSPICIOUS_MOVE = YES;
				CLANG_WARN_UNGUARDED_AVAILABILITY = YES_AGGRESSIVE;
				CLANG_WARN_UNREACHABLE_CODE = YES;
				CLANG_WARN__DUPLICATE_METHOD_MATCH = YES;
				CODE_SIGN_IDENTITY = "-";
				COPY_PHASE_STRIP = NO;
				DEBUG_INFORMATION_FORMAT = "dwarf-with-dsym";
				ENABLE_NS_ASSERTIONS = NO;
				ENABLE_STRICT_OBJC_MSGSEND = YES;
				GCC_C_LANGUAGE_STANDARD = gnu11;
				GCC_NO_COMMON_BLOCKS = YES;
				GCC_WARN_64_TO_32_BIT_CONVERSION = YES;
				GCC_WARN_ABOUT_RETURN_TYPE = YES_ERROR;
				GCC_WARN_UNDECLARED_SELECTOR = YES;
				GCC_WARN_UNINITIALIZED_AUTOS = YES_AGGRESSIVE;
				GCC_WARN_UNUSED_FUNCTION = YES;
				GCC_WARN_UNUSED_VARIABLE = YES;
				MACOSX_DEPLOYMENT_TARGET = 10.12;
				MTL_ENABLE_DEBUG_INFO = NO;
				SDKROOT = macosx;
			};
			name = Release;
		};
		3903036E20C8EDC00060EB20 /* Debug */ = {
			isa = XCBuildConfiguration;
			buildSettings = {
				CODE_SIGN_STYLE = Automatic;
				HEADER_SEARCH_PATHS = /src/local/include;
				LIBRARY_SEARCH_PATHS = (
					"$(inherited)",
					/usr/local/Cellar/sfml/2.4.2_1/lib,
				);
				PRODUCT_NAME = "$(TARGET_NAME)";
			};
			name = Debug;
		};
		3903036F20C8EDC00060EB20 /* Release */ = {
			isa = XCBuildConfiguration;
			buildSettings = {
				CODE_SIGN_STYLE = Automatic;
				HEADER_SEARCH_PATHS = /src/local/include;
				LIBRARY_SEARCH_PATHS = (
					"$(inherited)",
					/usr/local/Cellar/sfml/2.4.2_1/lib,
				);
				PRODUCT_NAME = "$(TARGET_NAME)";
			};
			name = Release;
		};
/* End XCBuildConfiguration section */

/* Begin XCConfigurationList section */
		3903036120C8EDBF0060EB20 /* Build configuration list for PBXProject "glutWithSFML" */ = {
			isa = XCConfigurationList;
			buildConfigurations = (
				3903036B20C8EDC00060EB20 /* Debug */,
				3903036C20C8EDC00060EB20 /* Release */,
			);
			defaultConfigurationIsVisible = 0;
			defaultConfigurationName = Release;
		};
		3903036D20C8EDC00060EB20 /* Build configuration list for PBXNativeTarget "glutWithSFML" */ = {
			isa = XCConfigurationList;
			buildConfigurations = (
				3903036E20C8EDC00060EB20 /* Debug */,
				3903036F20C8EDC00060EB20 /* Release */,
			);
			defaultConfigurationIsVisible = 0;
			defaultConfigurationName = Release;
		};
/* End XCConfigurationList section */
	};
	rootObject = 3903035E20C8EDBF0060EB20 /* Project object */;
}
